
Microsoft Visual Studio Solution File, Format Version 11.00
# Visual Studio 2010
Project("{FAE04EC0-301F-11D3-BF4B-00C04F79EFBC}") = "Assembly-CSharp", "Assembly-CSharp.csproj", "{af4497f4-8590-95c1-397a-4012c7f35052}"
EndProject
Global
	GlobalSection(SolutionConfigurationPlatforms) = preSolution
		Debug|Any CPU = Debug|Any CPU
		Release|Any CPU = Release|Any CPU
	EndGlobalSection
	GlobalSection(ProjectConfigurationPlatforms) = postSolution
		{af4497f4-8590-95c1-397a-4012c7f35052}.Debug|Any CPU.ActiveCfg = Debug|Any CPU
		{af4497f4-8590-95c1-397a-4012c7f35052}.Debug|Any CPU.Build.0 = Debug|Any CPU
		{af4497f4-8590-95c1-397a-4012c7f35052}.Release|Any CPU.ActiveCfg = Release|Any CPU
		{af4497f4-8590-95c1-397a-4012c7f35052}.Release|Any CPU.Build.0 = Release|Any CPU
	EndGlobalSection
	GlobalSection(SolutionProperties) = preSolution
		HideSolutionNode = FALSE
	EndGlobalSection
EndGlobal
